
Microsoft Visual Studio Solution File, Format Version 12.00
# Visual Studio Version 17
VisualStudioVersion = 17.5.33516.290
MinimumVisualStudioVersion = 10.0.40219.1
Project("{FAE04EC0-301F-11D3-BF4B-00C04F79EFBC}") = "Bilgisayar Toplama Otomasyonu", "Bilgisayar Toplama Otomasyonu\Bilgisayar Toplama Otomasyonu.csproj", "{5670F38E-785B-4D38-A4E0-79C523E26002}"
EndProject
Global
	GlobalSection(SolutionConfigurationPlatforms) = preSolution
		Debug|Any CPU = Debug|Any CPU
		Release|Any CPU = Release|Any CPU
	EndGlobalSection
	GlobalSection(ProjectConfigurationPlatforms) = postSolution
		{5670F38E-785B-4D38-A4E0-79C523E26002}.Debug|Any CPU.ActiveCfg = Debug|Any CPU
		{5670F38E-785B-4D38-A4E0-79C523E26002}.Debug|Any CPU.Build.0 = Debug|Any CPU
		{5670F38E-785B-4D38-A4E0-79C523E26002}.Release|Any CPU.ActiveCfg = Release|Any CPU
		{5670F38E-785B-4D38-A4E0-79C523E26002}.Release|Any CPU.Build.0 = Release|Any CPU
	EndGlobalSection
	GlobalSection(SolutionProperties) = preSolution
		HideSolutionNode = FALSE
	EndGlobalSection
	GlobalSection(ExtensibilityGlobals) = postSolution
		SolutionGuid = {A21DA771-5945-4AC5-A27C-E8D496DA12FA}
	EndGlobalSection
EndGlobal
